
Microsoft Visual Studio Solution File, Format Version 12.00
# Visual Studio 15
VisualStudioVersion = 15.0.26124.0
MinimumVisualStudioVersion = 15.0.26124.0
Project("{FAE04EC0-301F-11D3-BF4B-00C04F79EFBC}") = "GameTOP", "GameTOP\GameTOP.csproj", "{0248AC69-9C20-4047-AF18-82E753849864}"
EndProject
Project("{FAE04EC0-301F-11D3-BF4B-00C04F79EFBC}") = "GameTOP.Lib", "GameTOP.Lib\GameTOP.Lib.csproj", "{182E9274-BDD4-47D0-9F77-E97C527491F0}"
EndProject
Project("{FAE04EC0-301F-11D3-BF4B-00C04F79EFBC}") = "GameTOP.Interface", "GameTOP.Interface\GameTOP.Interface.csproj", "{62F8D7A6-6CA9-4C3D-89A5-28EA2A20D084}"
EndProject
Global
	GlobalSection(SolutionConfigurationPlatforms) = preSolution
		Debug|Any CPU = Debug|Any CPU
		Debug|x64 = Debug|x64
		Debug|x86 = Debug|x86
		Release|Any CPU = Release|Any CPU
		Release|x64 = Release|x64
		Release|x86 = Release|x86
	EndGlobalSection
	GlobalSection(SolutionProperties) = preSolution
		HideSolutionNode = FALSE
	EndGlobalSection
	GlobalSection(ProjectConfigurationPlatforms) = postSolution
		{0248AC69-9C20-4047-AF18-82E753849864}.Debug|Any CPU.ActiveCfg = Debug|Any CPU
		{0248AC69-9C20-4047-AF18-82E753849864}.Debug|Any CPU.Build.0 = Debug|Any CPU
		{0248AC69-9C20-4047-AF18-82E753849864}.Debug|x64.ActiveCfg = Debug|Any CPU
		{0248AC69-9C20-4047-AF18-82E753849864}.Debug|x64.Build.0 = Debug|Any CPU
		{0248AC69-9C20-4047-AF18-82E753849864}.Debug|x86.ActiveCfg = Debug|Any CPU
		{0248AC69-9C20-4047-AF18-82E753849864}.Debug|x86.Build.0 = Debug|Any CPU
		{0248AC69-9C20-4047-AF18-82E753849864}.Release|Any CPU.ActiveCfg = Release|Any CPU
		{0248AC69-9C20-4047-AF18-82E753849864}.Release|Any CPU.Build.0 = Release|Any CPU
		{0248AC69-9C20-4047-AF18-82E753849864}.Release|x64.ActiveCfg = Release|Any CPU
		{0248AC69-9C20-4047-AF18-82E753849864}.Release|x64.Build.0 = Release|Any CPU
		{0248AC69-9C20-4047-AF18-82E753849864}.Release|x86.ActiveCfg = Release|Any CPU
		{0248AC69-9C20-4047-AF18-82E753849864}.Release|x86.Build.0 = Release|Any CPU
		{182E9274-BDD4-47D0-9F77-E97C527491F0}.Debug|Any CPU.ActiveCfg = Debug|Any CPU
		{182E9274-BDD4-47D0-9F77-E97C527491F0}.Debug|Any CPU.Build.0 = Debug|Any CPU
		{182E9274-BDD4-47D0-9F77-E97C527491F0}.Debug|x64.ActiveCfg = Debug|Any CPU
		{182E9274-BDD4-47D0-9F77-E97C527491F0}.Debug|x64.Build.0 = Debug|Any CPU
		{182E9274-BDD4-47D0-9F77-E97C527491F0}.Debug|x86.ActiveCfg = Debug|Any CPU
		{182E9274-BDD4-47D0-9F77-E97C527491F0}.Debug|x86.Build.0 = Debug|Any CPU
		{182E9274-BDD4-47D0-9F77-E97C527491F0}.Release|Any CPU.ActiveCfg = Release|Any CPU
		{182E9274-BDD4-47D0-9F77-E97C527491F0}.Release|Any CPU.Build.0 = Release|Any CPU
		{182E9274-BDD4-47D0-9F77-E97C527491F0}.Release|x64.ActiveCfg = Release|Any CPU
		{182E9274-BDD4-47D0-9F77-E97C527491F0}.Release|x64.Build.0 = Release|Any CPU
		{182E9274-BDD4-47D0-9F77-E97C527491F0}.Release|x86.ActiveCfg = Release|Any CPU
		{182E9274-BDD4-47D0-9F77-E97C527491F0}.Release|x86.Build.0 = Release|Any CPU
		{62F8D7A6-6CA9-4C3D-89A5-28EA2A20D084}.Debug|Any CPU.ActiveCfg = Debug|Any CPU
		{62F8D7A6-6CA9-4C3D-89A5-28EA2A20D084}.Debug|Any CPU.Build.0 = Debug|Any CPU
		{62F8D7A6-6CA9-4C3D-89A5-28EA2A20D084}.Debug|x64.ActiveCfg = Debug|Any CPU
		{62F8D7A6-6CA9-4C3D-89A5-28EA2A20D084}.Debug|x64.Build.0 = Debug|Any CPU
		{62F8D7A6-6CA9-4C3D-89A5-28EA2A20D084}.Debug|x86.ActiveCfg = Debug|Any CPU
		{62F8D7A6-6CA9-4C3D-89A5-28EA2A20D084}.Debug|x86.Build.0 = Debug|Any CPU
		{62F8D7A6-6CA9-4C3D-89A5-28EA2A20D084}.Release|Any CPU.ActiveCfg = Release|Any CPU
		{62F8D7A6-6CA9-4C3D-89A5-28EA2A20D084}.Release|Any CPU.Build.0 = Release|Any CPU
		{62F8D7A6-6CA9-4C3D-89A5-28EA2A20D084}.Release|x64.ActiveCfg = Release|Any CPU
		{62F8D7A6-6CA9-4C3D-89A5-28EA2A20D084}.Release|x64.Build.0 = Release|Any CPU
		{62F8D7A6-6CA9-4C3D-89A5-28EA2A20D084}.Release|x86.ActiveCfg = Release|Any CPU
		{62F8D7A6-6CA9-4C3D-89A5-28EA2A20D084}.Release|x86.Build.0 = Release|Any CPU
	EndGlobalSection
EndGlobal
